
Microsoft Visual Studio Solution File, Format Version 12.00
# Visual Studio 14
VisualStudioVersion = 14.0.23107.0
MinimumVisualStudioVersion = 10.0.40219.1
Project("{FAE04EC0-301F-11D3-BF4B-00C04F79EFBC}") = "SimpleILViewer", "SimpleILViewer\SimpleILViewer.csproj", "{567A4377-C4A8-4D17-AF05-419774598D63}"
EndProject
Project("{FAE04EC0-301F-11D3-BF4B-00C04F79EFBC}") = "ILStructureParser", "..\ILStructureParser\ILStructureParser.csproj", "{0846B9EF-A6C0-48D4-AB75-36BF40D8EBB6}"
EndProject
Project("{FAE04EC0-301F-11D3-BF4B-00C04F79EFBC}") = "ILObfuscator", "..\ILObfuscator\ILObfuscator.csproj", "{6BD434A7-485B-45E3-A3B5-938F685BAD6D}"
EndProject
Global
	GlobalSection(SolutionConfigurationPlatforms) = preSolution
		Debug|Any CPU = Debug|Any CPU
		Release|Any CPU = Release|Any CPU
	EndGlobalSection
	GlobalSection(ProjectConfigurationPlatforms) = postSolution
		{567A4377-C4A8-4D17-AF05-419774598D63}.Debug|Any CPU.ActiveCfg = Debug|Any CPU
		{567A4377-C4A8-4D17-AF05-419774598D63}.Debug|Any CPU.Build.0 = Debug|Any CPU
		{567A4377-C4A8-4D17-AF05-419774598D63}.Release|Any CPU.ActiveCfg = Release|Any CPU
		{567A4377-C4A8-4D17-AF05-419774598D63}.Release|Any CPU.Build.0 = Release|Any CPU
		{0846B9EF-A6C0-48D4-AB75-36BF40D8EBB6}.Debug|Any CPU.ActiveCfg = Debug|Any CPU
		{0846B9EF-A6C0-48D4-AB75-36BF40D8EBB6}.Debug|Any CPU.Build.0 = Debug|Any CPU
		{0846B9EF-A6C0-48D4-AB75-36BF40D8EBB6}.Release|Any CPU.ActiveCfg = Release|Any CPU
		{0846B9EF-A6C0-48D4-AB75-36BF40D8EBB6}.Release|Any CPU.Build.0 = Release|Any CPU
		{6BD434A7-485B-45E3-A3B5-938F685BAD6D}.Debug|Any CPU.ActiveCfg = Debug|Any CPU
		{6BD434A7-485B-45E3-A3B5-938F685BAD6D}.Debug|Any CPU.Build.0 = Debug|Any CPU
		{6BD434A7-485B-45E3-A3B5-938F685BAD6D}.Release|Any CPU.ActiveCfg = Release|Any CPU
		{6BD434A7-485B-45E3-A3B5-938F685BAD6D}.Release|Any CPU.Build.0 = Release|Any CPU
	EndGlobalSection
	GlobalSection(SolutionProperties) = preSolution
		HideSolutionNode = FALSE
	EndGlobalSection
EndGlobal
